github.com/gorilla/mux v1.8.0 h1:i40aqfkR1h2SlN9hojwV5ZA91wcXFOvkdNIeFDP5koI=
github.com/gorilla/mux v1.8.0/go.mod h1:DVbg23sWSpFRCP0SfiEN6jmj59UnW/n46BH5rLB71So=
github.com/zhanlianguf/go-flights v0.0.0-20210312005957-cac7d886ce3f h1:l6qHOTugJ+JsrEbmsji6QAifcKogNpvcFx8lyh945Ws=
github.com/zhanlianguf/go-flights v0.0.0-20210324084634-6270d815a47f h1:wI1IifdSxZ5nmGDqw53/agVZwDV/9OoKbZOWcz2Cy2c=
